
Microsoft Visual Studio Solution File, Format Version 12.00
# Visual Studio Version 17
VisualStudioVersion = 17.3.32819.101
MinimumVisualStudioVersion = 10.0.40219.1
Project("{FAE04EC0-301F-11D3-BF4B-00C04F79EFBC}") = "MandaeClient", "MandaeClient\MandaeClient.csproj", "{98F774C0-8527-4CA4-B674-763017644648}"
EndProject
Project("{FAE04EC0-301F-11D3-BF4B-00C04F79EFBC}") = "MandaeClient.Console", "MandaeClient.Console\MandaeClient.Console.csproj", "{32CA2D84-BEC9-41D1-AAA5-89ED21F6364C}"
EndProject
Global
	GlobalSection(SolutionConfigurationPlatforms) = preSolution
		Debug|Any CPU = Debug|Any CPU
		Release|Any CPU = Release|Any CPU
	EndGlobalSection
	GlobalSection(ProjectConfigurationPlatforms) = postSolution
		{98F774C0-8527-4CA4-B674-763017644648}.Debug|Any CPU.ActiveCfg = Debug|Any CPU
		{98F774C0-8527-4CA4-B674-763017644648}.Debug|Any CPU.Build.0 = Debug|Any CPU
		{98F774C0-8527-4CA4-B674-763017644648}.Release|Any CPU.ActiveCfg = Release|Any CPU
		{98F774C0-8527-4CA4-B674-763017644648}.Release|Any CPU.Build.0 = Release|Any CPU
		{32CA2D84-BEC9-41D1-AAA5-89ED21F6364C}.Debug|Any CPU.ActiveCfg = Debug|Any CPU
		{32CA2D84-BEC9-41D1-AAA5-89ED21F6364C}.Debug|Any CPU.Build.0 = Debug|Any CPU
		{32CA2D84-BEC9-41D1-AAA5-89ED21F6364C}.Release|Any CPU.ActiveCfg = Release|Any CPU
		{32CA2D84-BEC9-41D1-AAA5-89ED21F6364C}.Release|Any CPU.Build.0 = Release|Any CPU
	EndGlobalSection
	GlobalSection(SolutionProperties) = preSolution
		HideSolutionNode = FALSE
	EndGlobalSection
	GlobalSection(ExtensibilityGlobals) = postSolution
		SolutionGuid = {A40A8640-C54E-4A68-B084-962BBFB63B02}
	EndGlobalSection
EndGlobal
